// !$*UTF8*$!
{
	archiveVersion = 1;
	classes = {
	};
	objectVersion = 46;
	objects = {

/* Begin PBXBuildFile section */
		00C762C017F2918A003AED5C /* UIKit.framework in Frameworks */ = {isa = PBXBuildFile; fileRef = 00C762BF17F2918A003AED5C /* UIKit.framework */; };
		00C762C217F2918A003AED5C /* Foundation.framework in Frameworks */ = {isa = PBXBuildFile; fileRef = 00C762C117F2918A003AED5C /* Foundation.framework */; };
		00C762C417F2918A003AED5C /* CoreGraphics.framework in Frameworks */ = {isa = PBXBuildFile; fileRef = 00C762C317F2918A003AED5C /* CoreGraphics.framework */; };
		00C762CA17F2918A003AED5C /* InfoPlist.strings in Resources */ = {isa = PBXBuildFile; fileRef = 00C762C817F2918A003AED5C /* InfoPlist.strings */; };
		00C762CC17F2918A003AED5C /* main.m in Sources */ = {isa = PBXBuildFile; fileRef = 00C762CB17F2918A003AED5C /* main.m */; };
		00C762D017F2918A003AED5C /* BIDAppDelegate.m in Sources */ = {isa = PBXBuildFile; fileRef = 00C762CF17F2918A003AED5C /* BIDAppDelegate.m */; };
		00C762D317F2918A003AED5C /* BIDViewController.m in Sources */ = {isa = PBXBuildFile; fileRef = 00C762D217F2918A003AED5C /* BIDViewController.m */; };
		00C762D617F2918A003AED5C /* BIDViewController.xib in Resources */ = {isa = PBXBuildFile; fileRef = 00C762D417F2918A003AED5C /* BIDViewController.xib */; };
		00C762DD17F2A2E8003AED5C /* flag.png in Resources */ = {isa = PBXBuildFile; fileRef = 00C762DC17F2A2E8003AED5C /* flag.png */; };
/* End PBXBuildFile section */

/* Begin PBXFileReference section */
		00C762BB17F2918A003AED5C /* LocalizeMe.app */ = {isa = PBXFileReference; explicitFileType = wrapper.application; includeInIndex = 0; path = LocalizeMe.app; sourceTree = BUILT_PRODUCTS_DIR; };
		00C762BF17F2918A003AED5C /* UIKit.framework */ = {isa = PBXFileReference; lastKnownFileType = wrapper.framework; name = UIKit.framework; path = System/Library/Frameworks/UIKit.framework; sourceTree = SDKROOT; };
		00C762C117F2918A003AED5C /* Foundation.framework */ = {isa = PBXFileReference; lastKnownFileType = wrapper.framework; name = Foundation.framework; path = System/Library/Frameworks/Foundation.framework; sourceTree = SDKROOT; };
		00C762C317F2918A003AED5C /* CoreGraphics.framework */ = {isa = PBXFileReference; lastKnownFileType = wrapper.framework; name = CoreGraphics.framework; path = System/Library/Frameworks/CoreGraphics.framework; sourceTree = SDKROOT; };
		00C762C717F2918A003AED5C /* LocalizeMe-Info.plist */ = {isa = PBXFileReference; lastKnownFileType = text.plist.xml; path = "LocalizeMe-Info.plist"; sourceTree = "<group>"; };
		00C762C917F2918A003AED5C /* en */ = {isa = PBXFileReference; lastKnownFileType = text.plist.strings; name = en; path = en.lproj/InfoPlist.strings; sourceTree = "<group>"; };
		00C762CB17F2918A003AED5C /* main.m */ = {isa = PBXFileReference; lastKnownFileType = sourcecode.c.objc; path = main.m; sourceTree = "<group>"; };
		00C762CD17F2918A003AED5C /* LocalizeMe-Prefix.pch */ = {isa = PBXFileReference; lastKnownFileType = sourcecode.c.h; path = "LocalizeMe-Prefix.pch"; sourceTree = "<group>"; };
		00C762CE17F2918A003AED5C /* BIDAppDelegate.h */ = {isa = PBXFileReference; lastKnownFileType = sourcecode.c.h; path = BIDAppDelegate.h; sourceTree = "<group>"; };
		00C762CF17F2918A003AED5C /* BIDAppDelegate.m */ = {isa = PBXFileReference; lastKnownFileType = sourcecode.c.objc; path = BIDAppDelegate.m; sourceTree = "<group>"; };
		00C762D117F2918A003AED5C /* BIDViewController.h */ = {isa = PBXFileReference; lastKnownFileType = sourcecode.c.h; path = BIDViewController.h; sourceTree = "<group>"; };
		00C762D217F2918A003AED5C /* BIDViewController.m */ = {isa = PBXFileReference; lastKnownFileType = sourcecode.c.objc; path = BIDViewController.m; sourceTree = "<group>"; };
		00C762D517F2918A003AED5C /* en */ = {isa = PBXFileReference; lastKnownFileType = file.xib; name = en; path = en.lproj/BIDViewController.xib; sourceTree = "<group>"; };
		00C762DC17F2A2E8003AED5C /* flag.png */ = {isa = PBXFileReference; lastKnownFileType = image.png; path = flag.png; sourceTree = "<group>"; };
/* End PBXFileReference section */

/* Begin PBXFrameworksBuildPhase section */
		00C762B817F2918A003AED5C /* Frameworks */ = {
			isa = PBXFrameworksBuildPhase;
			buildActionMask = 2147483647;
			files = (
				00C762C017F2918A003AED5C /* UIKit.framework in Frameworks */,
				00C762C217F2918A003AED5C /* Foundation.framework in Frameworks */,
				00C762C417F2918A003AED5C /* CoreGraphics.framework in Frameworks */,
			);
			runOnlyForDeploymentPostprocessing = 0;
		};
/* End PBXFrameworksBuildPhase section */

/* Begin PBXGroup section */
		00C762B017F29189003AED5C = {
			isa = PBXGroup;
			children = (
				00C762C517F2918A003AED5C /* LocalizeMe */,
				00C762BE17F2918A003AED5C /* Frameworks */,
				00C762BC17F2918A003AED5C /* Products */,
			);
			sourceTree = "<group>";
		};
		00C762BC17F2918A003AED5C /* Products */ = {
			isa = PBXGroup;
			children = (
				00C762BB17F2918A003AED5C /* LocalizeMe.app */,
			);
			name = Products;
			sourceTree = "<group>";
		};
		00C762BE17F2918A003AED5C /* Frameworks */ = {
			isa = PBXGroup;
			children = (
				00C762BF17F2918A003AED5C /* UIKit.framework */,
				00C762C117F2918A003AED5C /* Foundation.framework */,
				00C762C317F2918A003AED5C /* CoreGraphics.framework */,
			);
			name = Frameworks;
			sourceTree = "<group>";
		};
		00C762C517F2918A003AED5C /* LocalizeMe */ = {
			isa = PBXGroup;
			children = (
				00C762CE17F2918A003AED5C /* BIDAppDelegate.h */,
				00C762CF17F2918A003AED5C /* BIDAppDelegate.m */,
				00C762D117F2918A003AED5C /* BIDViewController.h */,
				00C762D217F2918A003AED5C /* BIDViewController.m */,
				00C762D417F2918A003AED5C /* BIDViewController.xib */,
				00C762C617F2918A003AED5C /* Supporting Files */,
			);
			path = LocalizeMe;
			sourceTree = "<group>";
		};
		00C762C617F2918A003AED5C /* Supporting Files */ = {
			isa = PBXGroup;
			children = (
				00C762DC17F2A2E8003AED5C /* flag.png */,
				00C762C717F2918A003AED5C /* LocalizeMe-Info.plist */,
				00C762C817F2918A003AED5C /* InfoPlist.strings */,
				00C762CB17F2918A003AED5C /* main.m */,
				00C762CD17F2918A003AED5C /* LocalizeMe-Prefix.pch */,
			);
			name = "Supporting Files";
			sourceTree = "<group>";
		};
/* End PBXGroup section */

/* Begin PBXNativeTarget section */
		00C762BA17F2918A003AED5C /* LocalizeMe */ = {
			isa = PBXNativeTarget;
			buildConfigurationList = 00C762D917F2918A003AED5C /* Build configuration list for PBXNativeTarget "LocalizeMe" */;
			buildPhases = (
				00C762B717F2918A003AED5C /* Sources */,
				00C762B817F2918A003AED5C /* Frameworks */,
				00C762B917F2918A003AED5C /* Resources */,
			);
			buildRules = (
			);
			dependencies = (
			);
			name = LocalizeMe;
			productName = LocalizeMe;
			productReference = 00C762BB17F2918A003AED5C /* LocalizeMe.app */;
			productType = "com.apple.product-type.application";
		};
/* End PBXNativeTarget section */

/* Begin PBXProject section */
		00C762B217F29189003AED5C /* Project object */ = {
			isa = PBXProject;
			attributes = {
				LastUpgradeCheck = 0420;
			};
			buildConfigurationList = 00C762B517F29189003AED5C /* Build configuration list for PBXProject "LocalizeMe" */;
			compatibilityVersion = "Xcode 3.2";
			developmentRegion = English;
			hasScannedForEncodings = 0;
			knownRegions = (
				en,
			);
			mainGroup = 00C762B017F29189003AED5C;
			productRefGroup = 00C762BC17F2918A003AED5C /* Products */;
			projectDirPath = "";
			projectRoot = "";
			targets = (
				00C762BA17F2918A003AED5C /* LocalizeMe */,
			);
		};
/* End PBXProject section */

/* Begin PBXResourcesBuildPhase section */
		00C762B917F2918A003AED5C /* Resources */ = {
			isa = PBXResourcesBuildPhase;
			buildActionMask = 2147483647;
			files = (
				00C762CA17F2918A003AED5C /* InfoPlist.strings in Resources */,
				00C762D617F2918A003AED5C /* BIDViewController.xib in Resources */,
				00C762DD17F2A2E8003AED5C /* flag.png in Resources */,
			);
			runOnlyForDeploymentPostprocessing = 0;
		};
/* End PBXResourcesBuildPhase section */

/* Begin PBXSourcesBuildPhase section */
		00C762B717F2918A003AED5C /* Sources */ = {
			isa = PBXSourcesBuildPhase;
			buildActionMask = 2147483647;
			files = (
				00C762CC17F2918A003AED5C /* main.m in Sources */,
				00C762D017F2918A003AED5C /* BIDAppDelegate.m in Sources */,
				00C762D317F2918A003AED5C /* BIDViewController.m in Sources */,
			);
			runOnlyForDeploymentPostprocessing = 0;
		};
/* End PBXSourcesBuildPhase section */

/* Begin PBXVariantGroup section */
		00C762C817F2918A003AED5C /* InfoPlist.strings */ = {
			isa = PBXVariantGroup;
			children = (
				00C762C917F2918A003AED5C /* en */,
			);
			name = InfoPlist.strings;
			sourceTree = "<group>";
		};
		00C762D417F2918A003AED5C /* BIDViewController.xib */ = {
			isa = PBXVariantGroup;
			children = (
				00C762D517F2918A003AED5C /* en */,
			);
			name = BIDViewController.xib;
			sourceTree = "<group>";
		};
/* End PBXVariantGroup section */

/* Begin XCBuildConfiguration section */
		00C762D717F2918A003AED5C /* Debug */ = {
			isa = XCBuildConfiguration;
			buildSettings = {
				ALWAYS_SEARCH_USER_PATHS = NO;
				ARCHS = "$(ARCHS_STANDARD_32_BIT)";
				CLANG_ENABLE_OBJC_ARC = YES;
				"CODE_SIGN_IDENTITY[sdk=iphoneos*]" = "iPhone Developer";
				COPY_PHASE_STRIP = NO;
				GCC_C_LANGUAGE_STANDARD = gnu99;
				GCC_DYNAMIC_NO_PIC = NO;
				GCC_OPTIMIZATION_LEVEL = 0;
				GCC_PREPROCESSOR_DEFINITIONS = (
					"DEBUG=1",
					"$(inherited)",
				);
				GCC_SYMBOLS_PRIVATE_EXTERN = NO;
				GCC_VERSION = com.apple.compilers.llvm.clang.1_0;
				GCC_WARN_ABOUT_MISSING_PROTOTYPES = YES;
				GCC_WARN_ABOUT_RETURN_TYPE = YES;
				GCC_WARN_UNUSED_VARIABLE = YES;
				IPHONEOS_DEPLOYMENT_TARGET = 5.0;
				SDKROOT = iphoneos;
			};
			name = Debug;
		};
		00C762D817F2918A003AED5C /* Release */ = {
			isa = XCBuildConfiguration;
			buildSettings = {
				ALWAYS_SEARCH_USER_PATHS = NO;
				ARCHS = "$(ARCHS_STANDARD_32_BIT)";
				CLANG_ENABLE_OBJC_ARC = YES;
				"CODE_SIGN_IDENTITY[sdk=iphoneos*]" = "iPhone Developer";
				COPY_PHASE_STRIP = YES;
				GCC_C_LANGUAGE_STANDARD = gnu99;
				GCC_VERSION = com.apple.compilers.llvm.clang.1_0;
				GCC_WARN_ABOUT_MISSING_PROTOTYPES = YES;
				GCC_WARN_ABOUT_RETURN_TYPE = YES;
				GCC_WARN_UNUSED_VARIABLE = YES;
				IPHONEOS_DEPLOYMENT_TARGET = 5.0;
				OTHER_CFLAGS = "-DNS_BLOCK_ASSERTIONS=1";
				SDKROOT = iphoneos;
				VALIDATE_PRODUCT = YES;
			};
			name = Release;
		};
		00C762DA17F2918A003AED5C /* Debug */ = {
			isa = XCBuildConfiguration;
			buildSettings = {
				GCC_PRECOMPILE_PREFIX_HEADER = YES;
				GCC_PREFIX_HEADER = "LocalizeMe/LocalizeMe-Prefix.pch";
				INFOPLIST_FILE = "LocalizeMe/LocalizeMe-Info.plist";
				PRODUCT_NAME = "$(TARGET_NAME)";
				WRAPPER_EXTENSION = app;
			};
			name = Debug;
		};
		00C762DB17F2918A003AED5C /* Release */ = {
			isa = XCBuildConfiguration;
			buildSettings = {
				GCC_PRECOMPILE_PREFIX_HEADER = YES;
				GCC_PREFIX_HEADER = "LocalizeMe/LocalizeMe-Prefix.pch";
				INFOPLIST_FILE = "LocalizeMe/LocalizeMe-Info.plist";
				PRODUCT_NAME = "$(TARGET_NAME)";
				WRAPPER_EXTENSION = app;
			};
			name = Release;
		};
/* End XCBuildConfiguration section */

/* Begin XCConfigurationList section */
		00C762B517F29189003AED5C /* Build configuration list for PBXProject "LocalizeMe" */ = {
			isa = XCConfigurationList;
			buildConfigurations = (
				00C762D717F2918A003AED5C /* Debug */,
				00C762D817F2918A003AED5C /* Release */,
			);
			defaultConfigurationIsVisible = 0;
			defaultConfigurationName = Release;
		};
		00C762D917F2918A003AED5C /* Build configuration list for PBXNativeTarget "LocalizeMe" */ = {
			isa = XCConfigurationList;
			buildConfigurations = (
				00C762DA17F2918A003AED5C /* Debug */,
				00C762DB17F2918A003AED5C /* Release */,
			);
			defaultConfigurationIsVisible = 0;
		};
/* End XCConfigurationList section */
	};
	rootObject = 00C762B217F29189003AED5C /* Project object */;
}
